
Microsoft Visual Studio Solution File, Format Version 12.00
# Visual Studio Version 16
VisualStudioVersion = 16.0.30330.147
MinimumVisualStudioVersion = 10.0.40219.1
Project("{9A19103F-16F7-4668-BE54-9A1E7A4F7556}") = "BlazorCrud", "BlazorCrud.csproj", "{77AA53D8-1611-4D7A-83FC-920119FEE218}"
EndProject
Global
	GlobalSection(SolutionConfigurationPlatforms) = preSolution
		Debug|Any CPU = Debug|Any CPU
		Release|Any CPU = Release|Any CPU
	EndGlobalSection
	GlobalSection(ProjectConfigurationPlatforms) = postSolution
		{77AA53D8-1611-4D7A-83FC-920119FEE218}.Debug|Any CPU.ActiveCfg = Debug|Any CPU
		{77AA53D8-1611-4D7A-83FC-920119FEE218}.Debug|Any CPU.Build.0 = Debug|Any CPU
		{77AA53D8-1611-4D7A-83FC-920119FEE218}.Release|Any CPU.ActiveCfg = Release|Any CPU
		{77AA53D8-1611-4D7A-83FC-920119FEE218}.Release|Any CPU.Build.0 = Release|Any CPU
	EndGlobalSection
	GlobalSection(SolutionProperties) = preSolution
		HideSolutionNode = FALSE
	EndGlobalSection
	GlobalSection(ExtensibilityGlobals) = postSolution
		SolutionGuid = {545238BD-214D-4D1C-B759-00764F669FBA}
	EndGlobalSection
EndGlobal
